// !$*UTF8*$!
{
	archiveVersion = 1;
	classes = {
	};
	objectVersion = 56;
	objects = {

/* Begin PBXBuildFile section */
		6307E93229DD8CCC00678D08 /* RadioPlayer in Frameworks */ = {isa = PBXBuildFile; productRef = 6307E93129DD8CCC00678D08 /* RadioPlayer */; };
		6307E94129DEE0CB00678D08 /* MyStationsView.swift in Sources */ = {isa = PBXBuildFile; fileRef = 6307E94029DEE0CB00678D08 /* MyStationsView.swift */; };
		6307E94329DEE14F00678D08 /* MainCategoriesView.swift in Sources */ = {isa = PBXBuildFile; fileRef = 6307E94229DEE14F00678D08 /* MainCategoriesView.swift */; };
		6307E94929DEE30500678D08 /* MyStationsViewModel.swift in Sources */ = {isa = PBXBuildFile; fileRef = 6307E94829DEE30500678D08 /* MyStationsViewModel.swift */; };
		63146E682A55EBC80044BDCB /* PlayerView.swift in Sources */ = {isa = PBXBuildFile; fileRef = 63146E672A55EBC80044BDCB /* PlayerView.swift */; };
		63146E6A2A5601F10044BDCB /* MiniPlayerView.swift in Sources */ = {isa = PBXBuildFile; fileRef = 63146E692A5601F10044BDCB /* MiniPlayerView.swift */; };
		634E1B5329E1652C0012C9C5 /* SubCategoryView.swift in Sources */ = {isa = PBXBuildFile; fileRef = 634E1B5229E1652C0012C9C5 /* SubCategoryView.swift */; };
		634E1B5929E1664A0012C9C5 /* SubCategoryViewModel.swift in Sources */ = {isa = PBXBuildFile; fileRef = 634E1B5829E1664A0012C9C5 /* SubCategoryViewModel.swift */; };
		634E1B5E29E18F2C0012C9C5 /* LinkTypeView.swift in Sources */ = {isa = PBXBuildFile; fileRef = 634E1B5D29E18F2C0012C9C5 /* LinkTypeView.swift */; };
		635FAB6329DEEB2800EC02E5 /* MainCategoriesViewModel.swift in Sources */ = {isa = PBXBuildFile; fileRef = 635FAB6229DEEB2800EC02E5 /* MainCategoriesViewModel.swift */; };
		635FAB7829DF663600EC02E5 /* RadioStationTypeView.swift in Sources */ = {isa = PBXBuildFile; fileRef = 635FAB7729DF663600EC02E5 /* RadioStationTypeView.swift */; };
		635FAB7A29E027F400EC02E5 /* SquircleShape.swift in Sources */ = {isa = PBXBuildFile; fileRef = 635FAB7929E027F400EC02E5 /* SquircleShape.swift */; };
		635FAB7C29E04C3900EC02E5 /* MyStationsEmptyView.swift in Sources */ = {isa = PBXBuildFile; fileRef = 635FAB7B29E04C3800EC02E5 /* MyStationsEmptyView.swift */; };
		635FAB7E29E050E000EC02E5 /* NetworkErrorView.swift in Sources */ = {isa = PBXBuildFile; fileRef = 635FAB7D29E050E000EC02E5 /* NetworkErrorView.swift */; };
		63685DAC2C70D9E0003754C6 /* DependencyContainer.swift in Sources */ = {isa = PBXBuildFile; fileRef = 63685DAB2C70D9E0003754C6 /* DependencyContainer.swift */; };
		63685DAE2C70F88D003754C6 /* AppLogger in Resources */ = {isa = PBXBuildFile; fileRef = 63685DAD2C70F88D003754C6 /* AppLogger */; };
		63685DB02C70F939003754C6 /* AppLogger in Frameworks */ = {isa = PBXBuildFile; productRef = 63685DAF2C70F939003754C6 /* AppLogger */; };
		63685DB22C70F948003754C6 /* Data in Frameworks */ = {isa = PBXBuildFile; productRef = 63685DB12C70F948003754C6 /* Data */; };
		63685DB52C70F9BA003754C6 /* Colors.swift in Sources */ = {isa = PBXBuildFile; fileRef = 63685DB42C70F9BA003754C6 /* Colors.swift */; };
		63685DB72C70F9D1003754C6 /* URLExtractHelper.swift in Sources */ = {isa = PBXBuildFile; fileRef = 63685DB62C70F9D1003754C6 /* URLExtractHelper.swift */; };
		637411AE29DD7AA500297AC7 /* HomeRadioApp.swift in Sources */ = {isa = PBXBuildFile; fileRef = 637411AD29DD7AA500297AC7 /* HomeRadioApp.swift */; };
		637411B229DD7AA700297AC7 /* Assets.xcassets in Resources */ = {isa = PBXBuildFile; fileRef = 637411B129DD7AA700297AC7 /* Assets.xcassets */; };
		637411B529DD7AA700297AC7 /* Preview Assets.xcassets in Resources */ = {isa = PBXBuildFile; fileRef = 637411B429DD7AA700297AC7 /* Preview Assets.xcassets */; };
		63786B152C7096EA00A5B179 /* Domain in Frameworks */ = {isa = PBXBuildFile; productRef = 63786B142C7096EA00A5B179 /* Domain */; };
		638882842C6F9B0200C41232 /* MyStationsScreenEvent.swift in Sources */ = {isa = PBXBuildFile; fileRef = 638882832C6F9B0200C41232 /* MyStationsScreenEvent.swift */; };
		638882872C6FA3E600C41232 /* MainCategoriesScreenEvent.swift in Sources */ = {isa = PBXBuildFile; fileRef = 638882862C6FA3E600C41232 /* MainCategoriesScreenEvent.swift */; };
		6388828A2C6FA4C400C41232 /* SubCategoryScreenEvent.swift in Sources */ = {isa = PBXBuildFile; fileRef = 638882892C6FA4C400C41232 /* SubCategoryScreenEvent.swift */; };
/* End PBXBuildFile section */

/* Begin PBXFileReference section */
		6307E93D29DDA3EE00678D08 /* Info.plist */ = {isa = PBXFileReference; lastKnownFileType = text.plist; path = Info.plist; sourceTree = "<group>"; };
		6307E94029DEE0CB00678D08 /* MyStationsView.swift */ = {isa = PBXFileReference; lastKnownFileType = sourcecode.swift; path = MyStationsView.swift; sourceTree = "<group>"; };
		6307E94229DEE14F00678D08 /* MainCategoriesView.swift */ = {isa = PBXFileReference; lastKnownFileType = sourcecode.swift; path = MainCategoriesView.swift; sourceTree = "<group>"; };
		6307E94829DEE30500678D08 /* MyStationsViewModel.swift */ = {isa = PBXFileReference; lastKnownFileType = sourcecode.swift; path = MyStationsViewModel.swift; sourceTree = "<group>"; };
		63146E672A55EBC80044BDCB /* PlayerView.swift */ = {isa = PBXFileReference; lastKnownFileType = sourcecode.swift; path = PlayerView.swift; sourceTree = "<group>"; };
		63146E692A5601F10044BDCB /* MiniPlayerView.swift */ = {isa = PBXFileReference; lastKnownFileType = sourcecode.swift; path = MiniPlayerView.swift; sourceTree = "<group>"; };
		634E1B5229E1652C0012C9C5 /* SubCategoryView.swift */ = {isa = PBXFileReference; lastKnownFileType = sourcecode.swift; path = SubCategoryView.swift; sourceTree = "<group>"; };
		634E1B5829E1664A0012C9C5 /* SubCategoryViewModel.swift */ = {isa = PBXFileReference; lastKnownFileType = sourcecode.swift; path = SubCategoryViewModel.swift; sourceTree = "<group>"; };
		634E1B5D29E18F2C0012C9C5 /* LinkTypeView.swift */ = {isa = PBXFileReference; lastKnownFileType = sourcecode.swift; path = LinkTypeView.swift; sourceTree = "<group>"; };
		635FAB6229DEEB2800EC02E5 /* MainCategoriesViewModel.swift */ = {isa = PBXFileReference; lastKnownFileType = sourcecode.swift; path = MainCategoriesViewModel.swift; sourceTree = "<group>"; };
		635FAB7729DF663600EC02E5 /* RadioStationTypeView.swift */ = {isa = PBXFileReference; lastKnownFileType = sourcecode.swift; path = RadioStationTypeView.swift; sourceTree = "<group>"; };
		635FAB7929E027F400EC02E5 /* SquircleShape.swift */ = {isa = PBXFileReference; lastKnownFileType = sourcecode.swift; path = SquircleShape.swift; sourceTree = "<group>"; };
		635FAB7B29E04C3800EC02E5 /* MyStationsEmptyView.swift */ = {isa = PBXFileReference; lastKnownFileType = sourcecode.swift; path = MyStationsEmptyView.swift; sourceTree = "<group>"; };
		635FAB7D29E050E000EC02E5 /* NetworkErrorView.swift */ = {isa = PBXFileReference; lastKnownFileType = sourcecode.swift; path = NetworkErrorView.swift; sourceTree = "<group>"; };
		63685DAB2C70D9E0003754C6 /* DependencyContainer.swift */ = {isa = PBXFileReference; lastKnownFileType = sourcecode.swift; path = DependencyContainer.swift; sourceTree = "<group>"; };
		63685DAD2C70F88D003754C6 /* AppLogger */ = {isa = PBXFileReference; lastKnownFileType = wrapper; path = AppLogger; sourceTree = "<group>"; };
		63685DB42C70F9BA003754C6 /* Colors.swift */ = {isa = PBXFileReference; lastKnownFileType = sourcecode.swift; path = Colors.swift; sourceTree = "<group>"; };
		63685DB62C70F9D1003754C6 /* URLExtractHelper.swift */ = {isa = PBXFileReference; lastKnownFileType = sourcecode.swift; path = URLExtractHelper.swift; sourceTree = "<group>"; };
		637411AA29DD7AA500297AC7 /* HomeRadio.app */ = {isa = PBXFileReference; explicitFileType = wrapper.application; includeInIndex = 0; path = HomeRadio.app; sourceTree = BUILT_PRODUCTS_DIR; };
		637411AD29DD7AA500297AC7 /* HomeRadioApp.swift */ = {isa = PBXFileReference; lastKnownFileType = sourcecode.swift; path = HomeRadioApp.swift; sourceTree = "<group>"; };
		637411B129DD7AA700297AC7 /* Assets.xcassets */ = {isa = PBXFileReference; lastKnownFileType = folder.assetcatalog; path = Assets.xcassets; sourceTree = "<group>"; };
		637411B429DD7AA700297AC7 /* Preview Assets.xcassets */ = {isa = PBXFileReference; lastKnownFileType = folder.assetcatalog; path = "Preview Assets.xcassets"; sourceTree = "<group>"; };
		637411C129DD86F000297AC7 /* RadioPlayer */ = {isa = PBXFileReference; lastKnownFileType = wrapper; path = RadioPlayer; sourceTree = "<group>"; };
		63786B132C7094BC00A5B179 /* Domain */ = {isa = PBXFileReference; lastKnownFileType = wrapper; path = Domain; sourceTree = "<group>"; };
		63786B162C70983900A5B179 /* Data */ = {isa = PBXFileReference; lastKnownFileType = wrapper; path = Data; sourceTree = "<group>"; };
		63786B172C7099B100A5B179 /* Networking */ = {isa = PBXFileReference; lastKnownFileType = wrapper; path = Networking; sourceTree = "<group>"; };
		638882832C6F9B0200C41232 /* MyStationsScreenEvent.swift */ = {isa = PBXFileReference; lastKnownFileType = sourcecode.swift; path = MyStationsScreenEvent.swift; sourceTree = "<group>"; };
		638882862C6FA3E600C41232 /* MainCategoriesScreenEvent.swift */ = {isa = PBXFileReference; lastKnownFileType = sourcecode.swift; path = MainCategoriesScreenEvent.swift; sourceTree = "<group>"; };
		638882892C6FA4C400C41232 /* SubCategoryScreenEvent.swift */ = {isa = PBXFileReference; lastKnownFileType = sourcecode.swift; path = SubCategoryScreenEvent.swift; sourceTree = "<group>"; };
/* End PBXFileReference section */

/* Begin PBXFrameworksBuildPhase section */
		637411A729DD7AA500297AC7 /* Frameworks */ = {
			isa = PBXFrameworksBuildPhase;
			buildActionMask = 2147483647;
			files = (
				63786B152C7096EA00A5B179 /* Domain in Frameworks */,
				63685DB22C70F948003754C6 /* Data in Frameworks */,
				63685DB02C70F939003754C6 /* AppLogger in Frameworks */,
				6307E93229DD8CCC00678D08 /* RadioPlayer in Frameworks */,
			);
			runOnlyForDeploymentPostprocessing = 0;
		};
/* End PBXFrameworksBuildPhase section */

/* Begin PBXGroup section */
		6307E93029DD8CCC00678D08 /* Frameworks */ = {
			isa = PBXGroup;
			children = (
			);
			name = Frameworks;
			sourceTree = "<group>";
		};
		6307E93E29DEE00F00678D08 /* SearchStationTab */ = {
			isa = PBXGroup;
			children = (
				635FAB6929DEEE0F00EC02E5 /* Main Categories Tab */,
				634E1B5129E076780012C9C5 /* Sub Category */,
			);
			path = SearchStationTab;
			sourceTree = "<group>";
		};
		6307E93F29DEE02200678D08 /* MyStationsTab */ = {
			isa = PBXGroup;
			children = (
				638882822C6F9AFD00C41232 /* Model */,
				6307E94829DEE30500678D08 /* MyStationsViewModel.swift */,
				6307E94029DEE0CB00678D08 /* MyStationsView.swift */,
				63146E662A55EBB40044BDCB /* ChildViews */,
			);
			path = MyStationsTab;
			sourceTree = "<group>";
		};
		63146E662A55EBB40044BDCB /* ChildViews */ = {
			isa = PBXGroup;
			children = (
				63146E672A55EBC80044BDCB /* PlayerView.swift */,
				63146E692A5601F10044BDCB /* MiniPlayerView.swift */,
			);
			path = ChildViews;
			sourceTree = "<group>";
		};
		6340407B2A57657200EC3630 /* Presentation */ = {
			isa = PBXGroup;
			children = (
				6307E93F29DEE02200678D08 /* MyStationsTab */,
				6307E93E29DEE00F00678D08 /* SearchStationTab */,
				635FAB7629DF662600EC02E5 /* Reusable Views */,
			);
			path = Presentation;
			sourceTree = "<group>";
		};
		634E1B5129E076780012C9C5 /* Sub Category */ = {
			isa = PBXGroup;
			children = (
				638882882C6FA4C000C41232 /* Model */,
				634E1B5829E1664A0012C9C5 /* SubCategoryViewModel.swift */,
				634E1B5229E1652C0012C9C5 /* SubCategoryView.swift */,
			);
			path = "Sub Category";
			sourceTree = "<group>";
		};
		635FAB6929DEEE0F00EC02E5 /* Main Categories Tab */ = {
			isa = PBXGroup;
			children = (
				638882852C6FA3D500C41232 /* Model */,
				635FAB6229DEEB2800EC02E5 /* MainCategoriesViewModel.swift */,
				6307E94229DEE14F00678D08 /* MainCategoriesView.swift */,
			);
			path = "Main Categories Tab";
			sourceTree = "<group>";
		};
		635FAB7629DF662600EC02E5 /* Reusable Views */ = {
			isa = PBXGroup;
			children = (
				635FAB7729DF663600EC02E5 /* RadioStationTypeView.swift */,
				634E1B5D29E18F2C0012C9C5 /* LinkTypeView.swift */,
				635FAB7929E027F400EC02E5 /* SquircleShape.swift */,
				635FAB7B29E04C3800EC02E5 /* MyStationsEmptyView.swift */,
				635FAB7D29E050E000EC02E5 /* NetworkErrorView.swift */,
			);
			path = "Reusable Views";
			sourceTree = "<group>";
		};
		63685DB32C70F9A1003754C6 /* Utils */ = {
			isa = PBXGroup;
			children = (
				63685DB42C70F9BA003754C6 /* Colors.swift */,
				63685DB62C70F9D1003754C6 /* URLExtractHelper.swift */,
			);
			path = Utils;
			sourceTree = "<group>";
		};
		637411A129DD7AA500297AC7 = {
			isa = PBXGroup;
			children = (
				637411AC29DD7AA500297AC7 /* HomeRadio */,
				637411C229DD8AA100297AC7 /* Packages */,
				637411AB29DD7AA500297AC7 /* Products */,
				6307E93029DD8CCC00678D08 /* Frameworks */,
			);
			sourceTree = "<group>";
		};
		637411AB29DD7AA500297AC7 /* Products */ = {
			isa = PBXGroup;
			children = (
				637411AA29DD7AA500297AC7 /* HomeRadio.app */,
			);
			name = Products;
			sourceTree = "<group>";
		};
		637411AC29DD7AA500297AC7 /* HomeRadio */ = {
			isa = PBXGroup;
			children = (
				637411AD29DD7AA500297AC7 /* HomeRadioApp.swift */,
				63685DAB2C70D9E0003754C6 /* DependencyContainer.swift */,
				6340407B2A57657200EC3630 /* Presentation */,
				63685DB32C70F9A1003754C6 /* Utils */,
				6307E93D29DDA3EE00678D08 /* Info.plist */,
				637411B129DD7AA700297AC7 /* Assets.xcassets */,
				637411B329DD7AA700297AC7 /* Preview Content */,
			);
			path = HomeRadio;
			sourceTree = "<group>";
		};
		637411B329DD7AA700297AC7 /* Preview Content */ = {
			isa = PBXGroup;
			children = (
				637411B429DD7AA700297AC7 /* Preview Assets.xcassets */,
			);
			path = "Preview Content";
			sourceTree = "<group>";
		};
		637411C229DD8AA100297AC7 /* Packages */ = {
			isa = PBXGroup;
			children = (
				63786B132C7094BC00A5B179 /* Domain */,
				63786B162C70983900A5B179 /* Data */,
				63786B172C7099B100A5B179 /* Networking */,
				63685DAD2C70F88D003754C6 /* AppLogger */,
				637411C129DD86F000297AC7 /* RadioPlayer */,
			);
			path = Packages;
			sourceTree = "<group>";
		};
		638882822C6F9AFD00C41232 /* Model */ = {
			isa = PBXGroup;
			children = (
				638882832C6F9B0200C41232 /* MyStationsScreenEvent.swift */,
			);
			path = Model;
			sourceTree = "<group>";
		};
		638882852C6FA3D500C41232 /* Model */ = {
			isa = PBXGroup;
			children = (
				638882862C6FA3E600C41232 /* MainCategoriesScreenEvent.swift */,
			);
			path = Model;
			sourceTree = "<group>";
		};
		638882882C6FA4C000C41232 /* Model */ = {
			isa = PBXGroup;
			children = (
				638882892C6FA4C400C41232 /* SubCategoryScreenEvent.swift */,
			);
			path = Model;
			sourceTree = "<group>";
		};
/* End PBXGroup section */

/* Begin PBXNativeTarget section */
		637411A929DD7AA500297AC7 /* HomeRadio */ = {
			isa = PBXNativeTarget;
			buildConfigurationList = 637411B829DD7AA700297AC7 /* Build configuration list for PBXNativeTarget "HomeRadio" */;
			buildPhases = (
				637411A629DD7AA500297AC7 /* Sources */,
				637411A729DD7AA500297AC7 /* Frameworks */,
				637411A829DD7AA500297AC7 /* Resources */,
			);
			buildRules = (
			);
			dependencies = (
			);
			name = HomeRadio;
			packageProductDependencies = (
				6307E93129DD8CCC00678D08 /* RadioPlayer */,
				63786B142C7096EA00A5B179 /* Domain */,
				63685DAF2C70F939003754C6 /* AppLogger */,
				63685DB12C70F948003754C6 /* Data */,
			);
			productName = HomeRadio;
			productReference = 637411AA29DD7AA500297AC7 /* HomeRadio.app */;
			productType = "com.apple.product-type.application";
		};
/* End PBXNativeTarget section */

/* Begin PBXProject section */
		637411A229DD7AA500297AC7 /* Project object */ = {
			isa = PBXProject;
			attributes = {
				BuildIndependentTargetsInParallel = 1;
				LastSwiftUpdateCheck = 1430;
				LastUpgradeCheck = 1430;
				TargetAttributes = {
					637411A929DD7AA500297AC7 = {
						CreatedOnToolsVersion = 14.3;
					};
				};
			};
			buildConfigurationList = 637411A529DD7AA500297AC7 /* Build configuration list for PBXProject "HomeRadio" */;
			compatibilityVersion = "Xcode 14.0";
			developmentRegion = en;
			hasScannedForEncodings = 0;
			knownRegions = (
				en,
				Base,
			);
			mainGroup = 637411A129DD7AA500297AC7;
			productRefGroup = 637411AB29DD7AA500297AC7 /* Products */;
			projectDirPath = "";
			projectRoot = "";
			targets = (
				637411A929DD7AA500297AC7 /* HomeRadio */,
			);
		};
/* End PBXProject section */

/* Begin PBXResourcesBuildPhase section */
		637411A829DD7AA500297AC7 /* Resources */ = {
			isa = PBXResourcesBuildPhase;
			buildActionMask = 2147483647;
			files = (
				63685DAE2C70F88D003754C6 /* AppLogger in Resources */,
				637411B529DD7AA700297AC7 /* Preview Assets.xcassets in Resources */,
				637411B229DD7AA700297AC7 /* Assets.xcassets in Resources */,
			);
			runOnlyForDeploymentPostprocessing = 0;
		};
/* End PBXResourcesBuildPhase section */

/* Begin PBXSourcesBuildPhase section */
		637411A629DD7AA500297AC7 /* Sources */ = {
			isa = PBXSourcesBuildPhase;
			buildActionMask = 2147483647;
			files = (
				635FAB7A29E027F400EC02E5 /* SquircleShape.swift in Sources */,
				634E1B5329E1652C0012C9C5 /* SubCategoryView.swift in Sources */,
				635FAB7829DF663600EC02E5 /* RadioStationTypeView.swift in Sources */,
				635FAB7C29E04C3900EC02E5 /* MyStationsEmptyView.swift in Sources */,
				634E1B5929E1664A0012C9C5 /* SubCategoryViewModel.swift in Sources */,
				638882872C6FA3E600C41232 /* MainCategoriesScreenEvent.swift in Sources */,
				638882842C6F9B0200C41232 /* MyStationsScreenEvent.swift in Sources */,
				6307E94329DEE14F00678D08 /* MainCategoriesView.swift in Sources */,
				6307E94929DEE30500678D08 /* MyStationsViewModel.swift in Sources */,
				63685DAC2C70D9E0003754C6 /* DependencyContainer.swift in Sources */,
				63146E6A2A5601F10044BDCB /* MiniPlayerView.swift in Sources */,
				635FAB7E29E050E000EC02E5 /* NetworkErrorView.swift in Sources */,
				63685DB52C70F9BA003754C6 /* Colors.swift in Sources */,
				637411AE29DD7AA500297AC7 /* HomeRadioApp.swift in Sources */,
				6388828A2C6FA4C400C41232 /* SubCategoryScreenEvent.swift in Sources */,
				63685DB72C70F9D1003754C6 /* URLExtractHelper.swift in Sources */,
				6307E94129DEE0CB00678D08 /* MyStationsView.swift in Sources */,
				63146E682A55EBC80044BDCB /* PlayerView.swift in Sources */,
				634E1B5E29E18F2C0012C9C5 /* LinkTypeView.swift in Sources */,
				635FAB6329DEEB2800EC02E5 /* MainCategoriesViewModel.swift in Sources */,
			);
			runOnlyForDeploymentPostprocessing = 0;
		};
/* End PBXSourcesBuildPhase section */

/* Begin XCBuildConfiguration section */
		637411B629DD7AA700297AC7 /* Debug */ = {
			isa = XCBuildConfiguration;
			buildSettings = {
				ALWAYS_SEARCH_USER_PATHS = NO;
				CLANG_ANALYZER_NONNULL = YES;
				CLANG_ANALYZER_NUMBER_OBJECT_CONVERSION = YES_AGGRESSIVE;
				CLANG_CXX_LANGUAGE_STANDARD = "gnu++20";
				CLANG_ENABLE_MODULES = YES;
				CLANG_ENABLE_OBJC_ARC = YES;
				CLANG_ENABLE_OBJC_WEAK = YES;
				CLANG_WARN_BLOCK_CAPTURE_AUTORELEASING = YES;
				CLANG_WARN_BOOL_CONVERSION = YES;
				CLANG_WARN_COMMA = YES;
				CLANG_WARN_CONSTANT_CONVERSION = YES;
				CLANG_WARN_DEPRECATED_OBJC_IMPLEMENTATIONS = YES;
				CLANG_WARN_DIRECT_OBJC_ISA_USAGE = YES_ERROR;
				CLANG_WARN_DOCUMENTATION_COMMENTS = YES;
				CLANG_WARN_EMPTY_BODY = YES;
				CLANG_WARN_ENUM_CONVERSION = YES;
				CLANG_WARN_INFINITE_RECURSION = YES;
				CLANG_WARN_INT_CONVERSION = YES;
				CLANG_WARN_NON_LITERAL_NULL_CONVERSION = YES;
				CLANG_WARN_OBJC_IMPLICIT_RETAIN_SELF = YES;
				CLANG_WARN_OBJC_LITERAL_CONVERSION = YES;
				CLANG_WARN_OBJC_ROOT_CLASS = YES_ERROR;
				CLANG_WARN_QUOTED_INCLUDE_IN_FRAMEWORK_HEADER = YES;
				CLANG_WARN_RANGE_LOOP_ANALYSIS = YES;
				CLANG_WARN_STRICT_PROTOTYPES = YES;
				CLANG_WARN_SUSPICIOUS_MOVE = YES;
				CLANG_WARN_UNGUARDED_AVAILABILITY = YES_AGGRESSIVE;
				CLANG_WARN_UNREACHABLE_CODE = YES;
				CLANG_WARN__DUPLICATE_METHOD_MATCH = YES;
				COPY_PHASE_STRIP = NO;
				DEBUG_INFORMATION_FORMAT = dwarf;
				ENABLE_STRICT_OBJC_MSGSEND = YES;
				ENABLE_TESTABILITY = YES;
				GCC_C_LANGUAGE_STANDARD = gnu11;
				GCC_DYNAMIC_NO_PIC = NO;
				GCC_NO_COMMON_BLOCKS = YES;
				GCC_OPTIMIZATION_LEVEL = 0;
				GCC_PREPROCESSOR_DEFINITIONS = (
					"DEBUG=1",
					"$(inherited)",
				);
				GCC_WARN_64_TO_32_BIT_CONVERSION = YES;
				GCC_WARN_ABOUT_RETURN_TYPE = YES_ERROR;
				GCC_WARN_UNDECLARED_SELECTOR = YES;
				GCC_WARN_UNINITIALIZED_AUTOS = YES_AGGRESSIVE;
				GCC_WARN_UNUSED_FUNCTION = YES;
				GCC_WARN_UNUSED_VARIABLE = YES;
				IPHONEOS_DEPLOYMENT_TARGET = 16.4;
				MTL_ENABLE_DEBUG_INFO = INCLUDE_SOURCE;
				MTL_FAST_MATH = YES;
				ONLY_ACTIVE_ARCH = YES;
				SDKROOT = iphoneos;
				SWIFT_ACTIVE_COMPILATION_CONDITIONS = DEBUG;
				SWIFT_OPTIMIZATION_LEVEL = "-Onone";
			};
			name = Debug;
		};
		637411B729DD7AA700297AC7 /* Release */ = {
			isa = XCBuildConfiguration;
			buildSettings = {
				ALWAYS_SEARCH_USER_PATHS = NO;
				CLANG_ANALYZER_NONNULL = YES;
				CLANG_ANALYZER_NUMBER_OBJECT_CONVERSION = YES_AGGRESSIVE;
				CLANG_CXX_LANGUAGE_STANDARD = "gnu++20";
				CLANG_ENABLE_MODULES = YES;
				CLANG_ENABLE_OBJC_ARC = YES;
				CLANG_ENABLE_OBJC_WEAK = YES;
				CLANG_WARN_BLOCK_CAPTURE_AUTORELEASING = YES;
				CLANG_WARN_BOOL_CONVERSION = YES;
				CLANG_WARN_COMMA = YES;
				CLANG_WARN_CONSTANT_CONVERSION = YES;
				CLANG_WARN_DEPRECATED_OBJC_IMPLEMENTATIONS = YES;
				CLANG_WARN_DIRECT_OBJC_ISA_USAGE = YES_ERROR;
				CLANG_WARN_DOCUMENTATION_COMMENTS = YES;
				CLANG_WARN_EMPTY_BODY = YES;
				CLANG_WARN_ENUM_CONVERSION = YES;
				CLANG_WARN_INFINITE_RECURSION = YES;
				CLANG_WARN_INT_CONVERSION = YES;
				CLANG_WARN_NON_LITERAL_NULL_CONVERSION = YES;
				CLANG_WARN_OBJC_IMPLICIT_RETAIN_SELF = YES;
				CLANG_WARN_OBJC_LITERAL_CONVERSION = YES;
				CLANG_WARN_OBJC_ROOT_CLASS = YES_ERROR;
				CLANG_WARN_QUOTED_INCLUDE_IN_FRAMEWORK_HEADER = YES;
				CLANG_WARN_RANGE_LOOP_ANALYSIS = YES;
				CLANG_WARN_STRICT_PROTOTYPES = YES;
				CLANG_WARN_SUSPICIOUS_MOVE = YES;
				CLANG_WARN_UNGUARDED_AVAILABILITY = YES_AGGRESSIVE;
				CLANG_WARN_UNREACHABLE_CODE = YES;
				CLANG_WARN__DUPLICATE_METHOD_MATCH = YES;
				COPY_PHASE_STRIP = NO;
				DEBUG_INFORMATION_FORMAT = "dwarf-with-dsym";
				ENABLE_NS_ASSERTIONS = NO;
				ENABLE_STRICT_OBJC_MSGSEND = YES;
				GCC_C_LANGUAGE_STANDARD = gnu11;
				GCC_NO_COMMON_BLOCKS = YES;
				GCC_WARN_64_TO_32_BIT_CONVERSION = YES;
				GCC_WARN_ABOUT_RETURN_TYPE = YES_ERROR;
				GCC_WARN_UNDECLARED_SELECTOR = YES;
				GCC_WARN_UNINITIALIZED_AUTOS = YES_AGGRESSIVE;
				GCC_WARN_UNUSED_FUNCTION = YES;
				GCC_WARN_UNUSED_VARIABLE = YES;
				IPHONEOS_DEPLOYMENT_TARGET = 16.4;
				MTL_ENABLE_DEBUG_INFO = NO;
				MTL_FAST_MATH = YES;
				SDKROOT = iphoneos;
				SWIFT_COMPILATION_MODE = wholemodule;
				SWIFT_OPTIMIZATION_LEVEL = "-O";
				VALIDATE_PRODUCT = YES;
			};
			name = Release;
		};
		637411B929DD7AA700297AC7 /* Debug */ = {
			isa = XCBuildConfiguration;
			buildSettings = {
				ASSETCATALOG_COMPILER_APPICON_NAME = AppIcon;
				ASSETCATALOG_COMPILER_GLOBAL_ACCENT_COLOR_NAME = AccentColor;
				CODE_SIGN_STYLE = Automatic;
				CURRENT_PROJECT_VERSION = 1;
				DEVELOPMENT_ASSET_PATHS = "\"HomeRadio/Preview Content\"";
				ENABLE_PREVIEWS = YES;
				GENERATE_INFOPLIST_FILE = YES;
				INFOPLIST_FILE = HomeRadio/Info.plist;
				INFOPLIST_KEY_UIApplicationSceneManifest_Generation = YES;
				INFOPLIST_KEY_UIApplicationSupportsIndirectInputEvents = YES;
				INFOPLIST_KEY_UILaunchScreen_Generation = YES;
				INFOPLIST_KEY_UISupportedInterfaceOrientations_iPad = "UIInterfaceOrientationPortrait UIInterfaceOrientationPortraitUpsideDown UIInterfaceOrientationLandscapeLeft UIInterfaceOrientationLandscapeRight";
				INFOPLIST_KEY_UISupportedInterfaceOrientations_iPhone = "UIInterfaceOrientationPortrait UIInterfaceOrientationLandscapeLeft UIInterfaceOrientationLandscapeRight";
				IPHONEOS_DEPLOYMENT_TARGET = 16.0;
				LD_RUNPATH_SEARCH_PATHS = (
					"$(inherited)",
					"@executable_path/Frameworks",
				);
				MARKETING_VERSION = 1.0;
				PRODUCT_BUNDLE_IDENTIFIER = com.cherlex.macos.HomeRadio;
				PRODUCT_NAME = "$(TARGET_NAME)";
				SWIFT_EMIT_LOC_STRINGS = YES;
				SWIFT_VERSION = 5.0;
				TARGETED_DEVICE_FAMILY = "1,2";
			};
			name = Debug;
		};
		637411BA29DD7AA700297AC7 /* Release */ = {
			isa = XCBuildConfiguration;
			buildSettings = {
				ASSETCATALOG_COMPILER_APPICON_NAME = AppIcon;
				ASSETCATALOG_COMPILER_GLOBAL_ACCENT_COLOR_NAME = AccentColor;
				CODE_SIGN_STYLE = Automatic;
				CURRENT_PROJECT_VERSION = 1;
				DEVELOPMENT_ASSET_PATHS = "\"HomeRadio/Preview Content\"";
				ENABLE_PREVIEWS = YES;
				GENERATE_INFOPLIST_FILE = YES;
				INFOPLIST_FILE = HomeRadio/Info.plist;
				INFOPLIST_KEY_UIApplicationSceneManifest_Generation = YES;
				INFOPLIST_KEY_UIApplicationSupportsIndirectInputEvents = YES;
				INFOPLIST_KEY_UILaunchScreen_Generation = YES;
				INFOPLIST_KEY_UISupportedInterfaceOrientations_iPad = "UIInterfaceOrientationPortrait UIInterfaceOrientationPortraitUpsideDown UIInterfaceOrientationLandscapeLeft UIInterfaceOrientationLandscapeRight";
				INFOPLIST_KEY_UISupportedInterfaceOrientations_iPhone = "UIInterfaceOrientationPortrait UIInterfaceOrientationLandscapeLeft UIInterfaceOrientationLandscapeRight";
				IPHONEOS_DEPLOYMENT_TARGET = 16.0;
				LD_RUNPATH_SEARCH_PATHS = (
					"$(inherited)",
					"@executable_path/Frameworks",
				);
				MARKETING_VERSION = 1.0;
				PRODUCT_BUNDLE_IDENTIFIER = com.cherlex.macos.HomeRadio;
				PRODUCT_NAME = "$(TARGET_NAME)";
				SWIFT_EMIT_LOC_STRINGS = YES;
				SWIFT_VERSION = 5.0;
				TARGETED_DEVICE_FAMILY = "1,2";
			};
			name = Release;
		};
/* End XCBuildConfiguration section */

/* Begin XCConfigurationList section */
		637411A529DD7AA500297AC7 /* Build configuration list for PBXProject "HomeRadio" */ = {
			isa = XCConfigurationList;
			buildConfigurations = (
				637411B629DD7AA700297AC7 /* Debug */,
				637411B729DD7AA700297AC7 /* Release */,
			);
			defaultConfigurationIsVisible = 0;
			defaultConfigurationName = Release;
		};
		637411B829DD7AA700297AC7 /* Build configuration list for PBXNativeTarget "HomeRadio" */ = {
			isa = XCConfigurationList;
			buildConfigurations = (
				637411B929DD7AA700297AC7 /* Debug */,
				637411BA29DD7AA700297AC7 /* Release */,
			);
			defaultConfigurationIsVisible = 0;
			defaultConfigurationName = Release;
		};
/* End XCConfigurationList section */

/* Begin XCSwiftPackageProductDependency section */
		6307E93129DD8CCC00678D08 /* RadioPlayer */ = {
			isa = XCSwiftPackageProductDependency;
			productName = RadioPlayer;
		};
		63685DAF2C70F939003754C6 /* AppLogger */ = {
			isa = XCSwiftPackageProductDependency;
			productName = AppLogger;
		};
		63685DB12C70F948003754C6 /* Data */ = {
			isa = XCSwiftPackageProductDependency;
			productName = Data;
		};
		63786B142C7096EA00A5B179 /* Domain */ = {
			isa = XCSwiftPackageProductDependency;
			productName = Domain;
		};
/* End XCSwiftPackageProductDependency section */
	};
	rootObject = 637411A229DD7AA500297AC7 /* Project object */;
}
